
Microsoft Visual Studio Solution File, Format Version 12.00
# Visual Studio 2015
Project("{FAE04EC0-301F-11D3-BF4B-00C04F79EFBC}") = "Example8_30_2016.CSharp", "Example8_30_2016.CSharp.csproj", "{0F2A07A1-5421-A138-87F4-4D89B12605B8}"
EndProject
Global
	GlobalSection(SolutionConfigurationPlatforms) = preSolution
		Debug|Any CPU = Debug|Any CPU
		Release|Any CPU = Release|Any CPU
	EndGlobalSection
	GlobalSection(ProjectConfigurationPlatforms) = postSolution
		{0F2A07A1-5421-A138-87F4-4D89B12605B8}.Debug|Any CPU.ActiveCfg = Debug|Any CPU
		{0F2A07A1-5421-A138-87F4-4D89B12605B8}.Debug|Any CPU.Build.0 = Debug|Any CPU
		{0F2A07A1-5421-A138-87F4-4D89B12605B8}.Release|Any CPU.ActiveCfg = Release|Any CPU
		{0F2A07A1-5421-A138-87F4-4D89B12605B8}.Release|Any CPU.Build.0 = Release|Any CPU
	EndGlobalSection
	GlobalSection(SolutionProperties) = preSolution
		HideSolutionNode = FALSE
	EndGlobalSection
EndGlobal
